
Microsoft Visual Studio Solution File, Format Version 12.00
# Visual Studio Version 17
VisualStudioVersion = 17.1.32210.238
MinimumVisualStudioVersion = 10.0.40219.1
Project("{2150E333-8FDC-42A3-9474-1A3956D46DE8}") = ".paket", ".paket", "{AEC4F142-BA1A-4714-BA76-BEC21E1C8B4C}"
	ProjectSection(SolutionItems) = preProject
		paket.dependencies = paket.dependencies
	EndProjectSection
EndProject
Project("{6EC3EE1D-3C4E-46DD-8F32-0CC8E7565705}") = "ShiningSwordOriginal", "src\ShiningSwordOriginal\ShiningSwordOriginal.fsproj", "{E5DEFC96-37CF-4844-9C9E-CFA0A9A8AED3}"
EndProject
Project("{6EC3EE1D-3C4E-46DD-8F32-0CC8E7565705}") = "Battle", "Battle\Battle.fsproj", "{63988A6F-40D3-45F5-BA4A-A280E856B85A}"
EndProject
Project("{6EC3EE1D-3C4E-46DD-8F32-0CC8E7565705}") = "ShiningSword_UnitTests", "ShiningSword.UnitTests\ShiningSword_UnitTests.fsproj", "{5AB4EB45-9666-432F-BA78-19F2D7E9C7F7}"
EndProject
Project("{6EC3EE1D-3C4E-46DD-8F32-0CC8E7565705}") = "Myriadic", "src\Myriadic\Myriadic.fsproj", "{763EC346-7DAF-49A7-AE25-8767AEAEFF59}"
EndProject
Project("{6EC3EE1D-3C4E-46DD-8F32-0CC8E7565705}") = "Lib", "src\Lib\Lib.fsproj", "{BA24E110-6605-4C9F-9E53-E15D4DE35B03}"
EndProject
Global
	GlobalSection(SolutionConfigurationPlatforms) = preSolution
		Debug|Any CPU = Debug|Any CPU
		Release|Any CPU = Release|Any CPU
	EndGlobalSection
	GlobalSection(ProjectConfigurationPlatforms) = postSolution
		{E5DEFC96-37CF-4844-9C9E-CFA0A9A8AED3}.Debug|Any CPU.ActiveCfg = Debug|Any CPU
		{E5DEFC96-37CF-4844-9C9E-CFA0A9A8AED3}.Debug|Any CPU.Build.0 = Debug|Any CPU
		{E5DEFC96-37CF-4844-9C9E-CFA0A9A8AED3}.Release|Any CPU.ActiveCfg = Release|Any CPU
		{E5DEFC96-37CF-4844-9C9E-CFA0A9A8AED3}.Release|Any CPU.Build.0 = Release|Any CPU
		{63988A6F-40D3-45F5-BA4A-A280E856B85A}.Debug|Any CPU.ActiveCfg = Debug|Any CPU
		{63988A6F-40D3-45F5-BA4A-A280E856B85A}.Debug|Any CPU.Build.0 = Debug|Any CPU
		{63988A6F-40D3-45F5-BA4A-A280E856B85A}.Release|Any CPU.ActiveCfg = Release|Any CPU
		{63988A6F-40D3-45F5-BA4A-A280E856B85A}.Release|Any CPU.Build.0 = Release|Any CPU
		{5AB4EB45-9666-432F-BA78-19F2D7E9C7F7}.Debug|Any CPU.ActiveCfg = Debug|Any CPU
		{5AB4EB45-9666-432F-BA78-19F2D7E9C7F7}.Debug|Any CPU.Build.0 = Debug|Any CPU
		{5AB4EB45-9666-432F-BA78-19F2D7E9C7F7}.Release|Any CPU.ActiveCfg = Release|Any CPU
		{5AB4EB45-9666-432F-BA78-19F2D7E9C7F7}.Release|Any CPU.Build.0 = Release|Any CPU
		{763EC346-7DAF-49A7-AE25-8767AEAEFF59}.Debug|Any CPU.ActiveCfg = Debug|Any CPU
		{763EC346-7DAF-49A7-AE25-8767AEAEFF59}.Debug|Any CPU.Build.0 = Debug|Any CPU
		{763EC346-7DAF-49A7-AE25-8767AEAEFF59}.Release|Any CPU.ActiveCfg = Release|Any CPU
		{763EC346-7DAF-49A7-AE25-8767AEAEFF59}.Release|Any CPU.Build.0 = Release|Any CPU
		{BA24E110-6605-4C9F-9E53-E15D4DE35B03}.Debug|Any CPU.ActiveCfg = Debug|Any CPU
		{BA24E110-6605-4C9F-9E53-E15D4DE35B03}.Debug|Any CPU.Build.0 = Debug|Any CPU
		{BA24E110-6605-4C9F-9E53-E15D4DE35B03}.Release|Any CPU.ActiveCfg = Release|Any CPU
		{BA24E110-6605-4C9F-9E53-E15D4DE35B03}.Release|Any CPU.Build.0 = Release|Any CPU
	EndGlobalSection
	GlobalSection(SolutionProperties) = preSolution
		HideSolutionNode = FALSE
	EndGlobalSection
	GlobalSection(ExtensibilityGlobals) = postSolution
		SolutionGuid = {5CE4A5D0-01F1-4F31-807E-F8E136821A8E}
	EndGlobalSection
EndGlobal
