
Microsoft Visual Studio Solution File, Format Version 12.00
# Visual Studio Version 16
VisualStudioVersion = 16.0.28531.58
MinimumVisualStudioVersion = 10.0.40219.1
Project("{6EC3EE1D-3C4E-46DD-8F32-0CC8E7565705}") = "ShiningSword", "src\ShiningSword.fsproj", "{E5DEFC96-37CF-4844-9C9E-CFA0A9A8AED3}"
EndProject
Project("{6EC3EE1D-3C4E-46DD-8F32-0CC8E7565705}") = "Battle", "Battle\Battle.fsproj", "{63988A6F-40D3-45F5-BA4A-A280E856B85A}"
EndProject
Project("{6EC3EE1D-3C4E-46DD-8F32-0CC8E7565705}") = "UnitTest.ShiningSword", "UnitTest.ShiningSword\UnitTest.ShiningSword.fsproj", "{B66FB7A9-B815-4313-882A-AB9371F8D88D}"
EndProject
Project("{6EC3EE1D-3C4E-46DD-8F32-0CC8E7565705}") = "YoloDev.Expecto.TestSdk", "..\YoloDev.Expecto.TestSdk\src\YoloDev.Expecto.TestSdk\YoloDev.Expecto.TestSdk.fsproj", "{EF459F3D-242E-44F7-8F0E-193B7688832F}"
EndProject
Global
	GlobalSection(SolutionConfigurationPlatforms) = preSolution
		Debug|Any CPU = Debug|Any CPU
		Release|Any CPU = Release|Any CPU
	EndGlobalSection
	GlobalSection(ProjectConfigurationPlatforms) = postSolution
		{E5DEFC96-37CF-4844-9C9E-CFA0A9A8AED3}.Debug|Any CPU.ActiveCfg = Debug|Any CPU
		{E5DEFC96-37CF-4844-9C9E-CFA0A9A8AED3}.Debug|Any CPU.Build.0 = Debug|Any CPU
		{E5DEFC96-37CF-4844-9C9E-CFA0A9A8AED3}.Release|Any CPU.ActiveCfg = Release|Any CPU
		{E5DEFC96-37CF-4844-9C9E-CFA0A9A8AED3}.Release|Any CPU.Build.0 = Release|Any CPU
		{63988A6F-40D3-45F5-BA4A-A280E856B85A}.Debug|Any CPU.ActiveCfg = Debug|Any CPU
		{63988A6F-40D3-45F5-BA4A-A280E856B85A}.Debug|Any CPU.Build.0 = Debug|Any CPU
		{63988A6F-40D3-45F5-BA4A-A280E856B85A}.Release|Any CPU.ActiveCfg = Release|Any CPU
		{63988A6F-40D3-45F5-BA4A-A280E856B85A}.Release|Any CPU.Build.0 = Release|Any CPU
		{B66FB7A9-B815-4313-882A-AB9371F8D88D}.Debug|Any CPU.ActiveCfg = Debug|Any CPU
		{B66FB7A9-B815-4313-882A-AB9371F8D88D}.Debug|Any CPU.Build.0 = Debug|Any CPU
		{B66FB7A9-B815-4313-882A-AB9371F8D88D}.Release|Any CPU.ActiveCfg = Release|Any CPU
		{B66FB7A9-B815-4313-882A-AB9371F8D88D}.Release|Any CPU.Build.0 = Release|Any CPU
		{EF459F3D-242E-44F7-8F0E-193B7688832F}.Debug|Any CPU.ActiveCfg = Debug|Any CPU
		{EF459F3D-242E-44F7-8F0E-193B7688832F}.Debug|Any CPU.Build.0 = Debug|Any CPU
		{EF459F3D-242E-44F7-8F0E-193B7688832F}.Release|Any CPU.ActiveCfg = Release|Any CPU
		{EF459F3D-242E-44F7-8F0E-193B7688832F}.Release|Any CPU.Build.0 = Release|Any CPU
	EndGlobalSection
	GlobalSection(SolutionProperties) = preSolution
		HideSolutionNode = FALSE
	EndGlobalSection
	GlobalSection(ExtensibilityGlobals) = postSolution
		SolutionGuid = {5CE4A5D0-01F1-4F31-807E-F8E136821A8E}
	EndGlobalSection
EndGlobal
